// !$*UTF8*$!
{
	archiveVersion = 1;
	classes = {
	};
	objectVersion = 46;
	objects = {

/* Begin PBXBuildFile section */
		44733C981E8F917E009B6D7A /* HomeViewController.swift in Sources */ = {isa = PBXBuildFile; fileRef = 44733C971E8F917E009B6D7A /* HomeViewController.swift */; };
		44849B901E8FA9F800D94925 /* ResultViewController.swift in Sources */ = {isa = PBXBuildFile; fileRef = 44849B8F1E8FA9F800D94925 /* ResultViewController.swift */; };
		44849B921E8FBDD300D94925 /* recycling-icon.png in Resources */ = {isa = PBXBuildFile; fileRef = 44849B911E8FBDD300D94925 /* recycling-icon.png */; };
		44849B951E8FC1BB00D94925 /* Database.xcdatamodeld in Sources */ = {isa = PBXBuildFile; fileRef = 44849B931E8FC1BB00D94925 /* Database.xcdatamodeld */; };
		448E46E41E8F8E7900384545 /* AppDelegate.swift in Sources */ = {isa = PBXBuildFile; fileRef = 448E46E31E8F8E7900384545 /* AppDelegate.swift */; };
		448E46E91E8F8E7900384545 /* Main.storyboard in Resources */ = {isa = PBXBuildFile; fileRef = 448E46E71E8F8E7900384545 /* Main.storyboard */; };
		448E46EE1E8F8E7900384545 /* Assets.xcassets in Resources */ = {isa = PBXBuildFile; fileRef = 448E46ED1E8F8E7900384545 /* Assets.xcassets */; };
		448E46F11E8F8E7900384545 /* LaunchScreen.storyboard in Resources */ = {isa = PBXBuildFile; fileRef = 448E46EF1E8F8E7900384545 /* LaunchScreen.storyboard */; };
		448E46FC1E8F8E7900384545 /* KarmaTests.swift in Sources */ = {isa = PBXBuildFile; fileRef = 448E46FB1E8F8E7900384545 /* KarmaTests.swift */; };
		448E47071E8F8E7900384545 /* KarmaUITests.swift in Sources */ = {isa = PBXBuildFile; fileRef = 448E47061E8F8E7900384545 /* KarmaUITests.swift */; };
		44DD8CB51E90575100A15EF5 /* trash-data.csv in Resources */ = {isa = PBXBuildFile; fileRef = 44DD8CB41E90575100A15EF5 /* trash-data.csv */; };
/* End PBXBuildFile section */

/* Begin PBXContainerItemProxy section */
		448E46F81E8F8E7900384545 /* PBXContainerItemProxy */ = {
			isa = PBXContainerItemProxy;
			containerPortal = 448E46D81E8F8E7900384545 /* Project object */;
			proxyType = 1;
			remoteGlobalIDString = 448E46DF1E8F8E7900384545;
			remoteInfo = Karma;
		};
		448E47031E8F8E7900384545 /* PBXContainerItemProxy */ = {
			isa = PBXContainerItemProxy;
			containerPortal = 448E46D81E8F8E7900384545 /* Project object */;
			proxyType = 1;
			remoteGlobalIDString = 448E46DF1E8F8E7900384545;
			remoteInfo = Karma;
		};
/* End PBXContainerItemProxy section */

/* Begin PBXFileReference section */
		44733C971E8F917E009B6D7A /* HomeViewController.swift */ = {isa = PBXFileReference; fileEncoding = 4; lastKnownFileType = sourcecode.swift; name = HomeViewController.swift; path = ../HomeViewController.swift; sourceTree = "<group>"; };
		44849B8F1E8FA9F800D94925 /* ResultViewController.swift */ = {isa = PBXFileReference; fileEncoding = 4; lastKnownFileType = sourcecode.swift; path = ResultViewController.swift; sourceTree = "<group>"; };
		44849B911E8FBDD300D94925 /* recycling-icon.png */ = {isa = PBXFileReference; lastKnownFileType = image.png; path = "recycling-icon.png"; sourceTree = "<group>"; };
		44849B941E8FC1BB00D94925 /* Database.xcdatamodel */ = {isa = PBXFileReference; lastKnownFileType = wrapper.xcdatamodel; path = Database.xcdatamodel; sourceTree = "<group>"; };
		448E46E01E8F8E7900384545 /* Karma.app */ = {isa = PBXFileReference; explicitFileType = wrapper.application; includeInIndex = 0; path = Karma.app; sourceTree = BUILT_PRODUCTS_DIR; };
		448E46E31E8F8E7900384545 /* AppDelegate.swift */ = {isa = PBXFileReference; lastKnownFileType = sourcecode.swift; path = AppDelegate.swift; sourceTree = "<group>"; };
		448E46E81E8F8E7900384545 /* Base */ = {isa = PBXFileReference; lastKnownFileType = file.storyboard; name = Base; path = Base.lproj/Main.storyboard; sourceTree = "<group>"; };
		448E46ED1E8F8E7900384545 /* Assets.xcassets */ = {isa = PBXFileReference; lastKnownFileType = folder.assetcatalog; path = Assets.xcassets; sourceTree = "<group>"; };
		448E46F01E8F8E7900384545 /* Base */ = {isa = PBXFileReference; lastKnownFileType = file.storyboard; name = Base; path = Base.lproj/LaunchScreen.storyboard; sourceTree = "<group>"; };
		448E46F21E8F8E7900384545 /* Info.plist */ = {isa = PBXFileReference; lastKnownFileType = text.plist.xml; path = Info.plist; sourceTree = "<group>"; };
		448E46F71E8F8E7900384545 /* KarmaTests.xctest */ = {isa = PBXFileReference; explicitFileType = wrapper.cfbundle; includeInIndex = 0; path = KarmaTests.xctest; sourceTree = BUILT_PRODUCTS_DIR; };
		448E46FB1E8F8E7900384545 /* KarmaTests.swift */ = {isa = PBXFileReference; lastKnownFileType = sourcecode.swift; path = KarmaTests.swift; sourceTree = "<group>"; };
		448E46FD1E8F8E7900384545 /* Info.plist */ = {isa = PBXFileReference; lastKnownFileType = text.plist.xml; path = Info.plist; sourceTree = "<group>"; };
		448E47021E8F8E7900384545 /* KarmaUITests.xctest */ = {isa = PBXFileReference; explicitFileType = wrapper.cfbundle; includeInIndex = 0; path = KarmaUITests.xctest; sourceTree = BUILT_PRODUCTS_DIR; };
		448E47061E8F8E7900384545 /* KarmaUITests.swift */ = {isa = PBXFileReference; lastKnownFileType = sourcecode.swift; path = KarmaUITests.swift; sourceTree = "<group>"; };
		448E47081E8F8E7900384545 /* Info.plist */ = {isa = PBXFileReference; lastKnownFileType = text.plist.xml; path = Info.plist; sourceTree = "<group>"; };
		44DD8CB41E90575100A15EF5 /* trash-data.csv */ = {isa = PBXFileReference; fileEncoding = 4; lastKnownFileType = text; name = "trash-data.csv"; path = "../trash-data.csv"; sourceTree = "<group>"; };
/* End PBXFileReference section */

/* Begin PBXFrameworksBuildPhase section */
		448E46DD1E8F8E7900384545 /* Frameworks */ = {
			isa = PBXFrameworksBuildPhase;
			buildActionMask = 2147483647;
			files = (
			);
			runOnlyForDeploymentPostprocessing = 0;
		};
		448E46F41E8F8E7900384545 /* Frameworks */ = {
			isa = PBXFrameworksBuildPhase;
			buildActionMask = 2147483647;
			files = (
			);
			runOnlyForDeploymentPostprocessing = 0;
		};
		448E46FF1E8F8E7900384545 /* Frameworks */ = {
			isa = PBXFrameworksBuildPhase;
			buildActionMask = 2147483647;
			files = (
			);
			runOnlyForDeploymentPostprocessing = 0;
		};
/* End PBXFrameworksBuildPhase section */

/* Begin PBXGroup section */
		448E46D71E8F8E7900384545 = {
			isa = PBXGroup;
			children = (
				448E46E21E8F8E7900384545 /* Karma */,
				448E46FA1E8F8E7900384545 /* KarmaTests */,
				448E47051E8F8E7900384545 /* KarmaUITests */,
				448E46E11E8F8E7900384545 /* Products */,
			);
			sourceTree = "<group>";
		};
		448E46E11E8F8E7900384545 /* Products */ = {
			isa = PBXGroup;
			children = (
				448E46E01E8F8E7900384545 /* Karma.app */,
				448E46F71E8F8E7900384545 /* KarmaTests.xctest */,
				448E47021E8F8E7900384545 /* KarmaUITests.xctest */,
			);
			name = Products;
			sourceTree = "<group>";
		};
		448E46E21E8F8E7900384545 /* Karma */ = {
			isa = PBXGroup;
			children = (
				448E46E31E8F8E7900384545 /* AppDelegate.swift */,
				44733C971E8F917E009B6D7A /* HomeViewController.swift */,
				44849B8F1E8FA9F800D94925 /* ResultViewController.swift */,
				448E46E71E8F8E7900384545 /* Main.storyboard */,
				448E46ED1E8F8E7900384545 /* Assets.xcassets */,
				44DD8CB41E90575100A15EF5 /* trash-data.csv */,
				44849B911E8FBDD300D94925 /* recycling-icon.png */,
				448E46EF1E8F8E7900384545 /* LaunchScreen.storyboard */,
				44849B931E8FC1BB00D94925 /* Database.xcdatamodeld */,
				448E46F21E8F8E7900384545 /* Info.plist */,
			);
			path = Karma;
			sourceTree = "<group>";
		};
		448E46FA1E8F8E7900384545 /* KarmaTests */ = {
			isa = PBXGroup;
			children = (
				448E46FB1E8F8E7900384545 /* KarmaTests.swift */,
				448E46FD1E8F8E7900384545 /* Info.plist */,
			);
			path = KarmaTests;
			sourceTree = "<group>";
		};
		448E47051E8F8E7900384545 /* KarmaUITests */ = {
			isa = PBXGroup;
			children = (
				448E47061E8F8E7900384545 /* KarmaUITests.swift */,
				448E47081E8F8E7900384545 /* Info.plist */,
			);
			path = KarmaUITests;
			sourceTree = "<group>";
		};
/* End PBXGroup section */

/* Begin PBXNativeTarget section */
		448E46DF1E8F8E7900384545 /* Karma */ = {
			isa = PBXNativeTarget;
			buildConfigurationList = 448E470B1E8F8E7900384545 /* Build configuration list for PBXNativeTarget "Karma" */;
			buildPhases = (
				448E46DC1E8F8E7900384545 /* Sources */,
				448E46DD1E8F8E7900384545 /* Frameworks */,
				448E46DE1E8F8E7900384545 /* Resources */,
			);
			buildRules = (
			);
			dependencies = (
			);
			name = Karma;
			productName = Karma;
			productReference = 448E46E01E8F8E7900384545 /* Karma.app */;
			productType = "com.apple.product-type.application";
		};
		448E46F61E8F8E7900384545 /* KarmaTests */ = {
			isa = PBXNativeTarget;
			buildConfigurationList = 448E470E1E8F8E7900384545 /* Build configuration list for PBXNativeTarget "KarmaTests" */;
			buildPhases = (
				448E46F31E8F8E7900384545 /* Sources */,
				448E46F41E8F8E7900384545 /* Frameworks */,
				448E46F51E8F8E7900384545 /* Resources */,
			);
			buildRules = (
			);
			dependencies = (
				448E46F91E8F8E7900384545 /* PBXTargetDependency */,
			);
			name = KarmaTests;
			productName = KarmaTests;
			productReference = 448E46F71E8F8E7900384545 /* KarmaTests.xctest */;
			productType = "com.apple.product-type.bundle.unit-test";
		};
		448E47011E8F8E7900384545 /* KarmaUITests */ = {
			isa = PBXNativeTarget;
			buildConfigurationList = 448E47111E8F8E7900384545 /* Build configuration list for PBXNativeTarget "KarmaUITests" */;
			buildPhases = (
				448E46FE1E8F8E7900384545 /* Sources */,
				448E46FF1E8F8E7900384545 /* Frameworks */,
				448E47001E8F8E7900384545 /* Resources */,
			);
			buildRules = (
			);
			dependencies = (
				448E47041E8F8E7900384545 /* PBXTargetDependency */,
			);
			name = KarmaUITests;
			productName = KarmaUITests;
			productReference = 448E47021E8F8E7900384545 /* KarmaUITests.xctest */;
			productType = "com.apple.product-type.bundle.ui-testing";
		};
/* End PBXNativeTarget section */

/* Begin PBXProject section */
		448E46D81E8F8E7900384545 /* Project object */ = {
			isa = PBXProject;
			attributes = {
				LastSwiftUpdateCheck = 0810;
				LastUpgradeCheck = 0810;
				ORGANIZATIONNAME = "Green Bruins";
				TargetAttributes = {
					448E46DF1E8F8E7900384545 = {
						CreatedOnToolsVersion = 8.1;
						DevelopmentTeam = 35RJCBGV7U;
						ProvisioningStyle = Automatic;
					};
					448E46F61E8F8E7900384545 = {
						CreatedOnToolsVersion = 8.1;
						DevelopmentTeam = 35RJCBGV7U;
						ProvisioningStyle = Automatic;
						TestTargetID = 448E46DF1E8F8E7900384545;
					};
					448E47011E8F8E7900384545 = {
						CreatedOnToolsVersion = 8.1;
						DevelopmentTeam = 35RJCBGV7U;
						ProvisioningStyle = Automatic;
						TestTargetID = 448E46DF1E8F8E7900384545;
					};
				};
			};
			buildConfigurationList = 448E46DB1E8F8E7900384545 /* Build configuration list for PBXProject "Karma" */;
			compatibilityVersion = "Xcode 3.2";
			developmentRegion = English;
			hasScannedForEncodings = 0;
			knownRegions = (
				en,
				Base,
			);
			mainGroup = 448E46D71E8F8E7900384545;
			productRefGroup = 448E46E11E8F8E7900384545 /* Products */;
			projectDirPath = "";
			projectRoot = "";
			targets = (
				448E46DF1E8F8E7900384545 /* Karma */,
				448E46F61E8F8E7900384545 /* KarmaTests */,
				448E47011E8F8E7900384545 /* KarmaUITests */,
			);
		};
/* End PBXProject section */

/* Begin PBXResourcesBuildPhase section */
		448E46DE1E8F8E7900384545 /* Resources */ = {
			isa = PBXResourcesBuildPhase;
			buildActionMask = 2147483647;
			files = (
				448E46F11E8F8E7900384545 /* LaunchScreen.storyboard in Resources */,
				448E46EE1E8F8E7900384545 /* Assets.xcassets in Resources */,
				44849B921E8FBDD300D94925 /* recycling-icon.png in Resources */,
				448E46E91E8F8E7900384545 /* Main.storyboard in Resources */,
				44DD8CB51E90575100A15EF5 /* trash-data.csv in Resources */,
			);
			runOnlyForDeploymentPostprocessing = 0;
		};
		448E46F51E8F8E7900384545 /* Resources */ = {
			isa = PBXResourcesBuildPhase;
			buildActionMask = 2147483647;
			files = (
			);
			runOnlyForDeploymentPostprocessing = 0;
		};
		448E47001E8F8E7900384545 /* Resources */ = {
			isa = PBXResourcesBuildPhase;
			buildActionMask = 2147483647;
			files = (
			);
			runOnlyForDeploymentPostprocessing = 0;
		};
/* End PBXResourcesBuildPhase section */

/* Begin PBXSourcesBuildPhase section */
		448E46DC1E8F8E7900384545 /* Sources */ = {
			isa = PBXSourcesBuildPhase;
			buildActionMask = 2147483647;
			files = (
				448E46E41E8F8E7900384545 /* AppDelegate.swift in Sources */,
				44733C981E8F917E009B6D7A /* HomeViewController.swift in Sources */,
				44849B951E8FC1BB00D94925 /* Database.xcdatamodeld in Sources */,
				44849B901E8FA9F800D94925 /* ResultViewController.swift in Sources */,
			);
			runOnlyForDeploymentPostprocessing = 0;
		};
		448E46F31E8F8E7900384545 /* Sources */ = {
			isa = PBXSourcesBuildPhase;
			buildActionMask = 2147483647;
			files = (
				448E46FC1E8F8E7900384545 /* KarmaTests.swift in Sources */,
			);
			runOnlyForDeploymentPostprocessing = 0;
		};
		448E46FE1E8F8E7900384545 /* Sources */ = {
			isa = PBXSourcesBuildPhase;
			buildActionMask = 2147483647;
			files = (
				448E47071E8F8E7900384545 /* KarmaUITests.swift in Sources */,
			);
			runOnlyForDeploymentPostprocessing = 0;
		};
/* End PBXSourcesBuildPhase section */

/* Begin PBXTargetDependency section */
		448E46F91E8F8E7900384545 /* PBXTargetDependency */ = {
			isa = PBXTargetDependency;
			target = 448E46DF1E8F8E7900384545 /* Karma */;
			targetProxy = 448E46F81E8F8E7900384545 /* PBXContainerItemProxy */;
		};
		448E47041E8F8E7900384545 /* PBXTargetDependency */ = {
			isa = PBXTargetDependency;
			target = 448E46DF1E8F8E7900384545 /* Karma */;
			targetProxy = 448E47031E8F8E7900384545 /* PBXContainerItemProxy */;
		};
/* End PBXTargetDependency section */

/* Begin PBXVariantGroup section */
		448E46E71E8F8E7900384545 /* Main.storyboard */ = {
			isa = PBXVariantGroup;
			children = (
				448E46E81E8F8E7900384545 /* Base */,
			);
			name = Main.storyboard;
			sourceTree = "<group>";
		};
		448E46EF1E8F8E7900384545 /* LaunchScreen.storyboard */ = {
			isa = PBXVariantGroup;
			children = (
				448E46F01E8F8E7900384545 /* Base */,
			);
			name = LaunchScreen.storyboard;
			sourceTree = "<group>";
		};
/* End PBXVariantGroup section */

/* Begin XCBuildConfiguration section */
		448E47091E8F8E7900384545 /* Debug */ = {
			isa = XCBuildConfiguration;
			buildSettings = {
				ALWAYS_SEARCH_USER_PATHS = NO;
				CLANG_ANALYZER_NONNULL = YES;
				CLANG_CXX_LANGUAGE_STANDARD = "gnu++0x";
				CLANG_CXX_LIBRARY = "libc++";
				CLANG_ENABLE_MODULES = YES;
				CLANG_ENABLE_OBJC_ARC = YES;
				CLANG_WARN_BOOL_CONVERSION = YES;
				CLANG_WARN_CONSTANT_CONVERSION = YES;
				CLANG_WARN_DIRECT_OBJC_ISA_USAGE = YES_ERROR;
				CLANG_WARN_DOCUMENTATION_COMMENTS = YES;
				CLANG_WARN_EMPTY_BODY = YES;
				CLANG_WARN_ENUM_CONVERSION = YES;
				CLANG_WARN_INFINITE_RECURSION = YES;
				CLANG_WARN_INT_CONVERSION = YES;
				CLANG_WARN_OBJC_ROOT_CLASS = YES_ERROR;
				CLANG_WARN_SUSPICIOUS_MOVES = YES;
				CLANG_WARN_UNREACHABLE_CODE = YES;
				CLANG_WARN__DUPLICATE_METHOD_MATCH = YES;
				"CODE_SIGN_IDENTITY[sdk=iphoneos*]" = "iPhone Developer";
				COPY_PHASE_STRIP = NO;
				DEBUG_INFORMATION_FORMAT = dwarf;
				ENABLE_STRICT_OBJC_MSGSEND = YES;
				ENABLE_TESTABILITY = YES;
				GCC_C_LANGUAGE_STANDARD = gnu99;
				GCC_DYNAMIC_NO_PIC = NO;
				GCC_NO_COMMON_BLOCKS = YES;
				GCC_OPTIMIZATION_LEVEL = 0;
				GCC_PREPROCESSOR_DEFINITIONS = (
					"DEBUG=1",
					"$(inherited)",
				);
				GCC_WARN_64_TO_32_BIT_CONVERSION = YES;
				GCC_WARN_ABOUT_RETURN_TYPE = YES_ERROR;
				GCC_WARN_UNDECLARED_SELECTOR = YES;
				GCC_WARN_UNINITIALIZED_AUTOS = YES_AGGRESSIVE;
				GCC_WARN_UNUSED_FUNCTION = YES;
				GCC_WARN_UNUSED_VARIABLE = YES;
				IPHONEOS_DEPLOYMENT_TARGET = 10.1;
				MTL_ENABLE_DEBUG_INFO = YES;
				ONLY_ACTIVE_ARCH = YES;
				SDKROOT = iphoneos;
				SWIFT_ACTIVE_COMPILATION_CONDITIONS = DEBUG;
				SWIFT_OPTIMIZATION_LEVEL = "-Onone";
			};
			name = Debug;
		};
		448E470A1E8F8E7900384545 /* Release */ = {
			isa = XCBuildConfiguration;
			buildSettings = {
				ALWAYS_SEARCH_USER_PATHS = NO;
				CLANG_ANALYZER_NONNULL = YES;
				CLANG_CXX_LANGUAGE_STANDARD = "gnu++0x";
				CLANG_CXX_LIBRARY = "libc++";
				CLANG_ENABLE_MODULES = YES;
				CLANG_ENABLE_OBJC_ARC = YES;
				CLANG_WARN_BOOL_CONVERSION = YES;
				CLANG_WARN_CONSTANT_CONVERSION = YES;
				CLANG_WARN_DIRECT_OBJC_ISA_USAGE = YES_ERROR;
				CLANG_WARN_DOCUMENTATION_COMMENTS = YES;
				CLANG_WARN_EMPTY_BODY = YES;
				CLANG_WARN_ENUM_CONVERSION = YES;
				CLANG_WARN_INFINITE_RECURSION = YES;
				CLANG_WARN_INT_CONVERSION = YES;
				CLANG_WARN_OBJC_ROOT_CLASS = YES_ERROR;
				CLANG_WARN_SUSPICIOUS_MOVES = YES;
				CLANG_WARN_UNREACHABLE_CODE = YES;
				CLANG_WARN__DUPLICATE_METHOD_MATCH = YES;
				"CODE_SIGN_IDENTITY[sdk=iphoneos*]" = "iPhone Developer";
				COPY_PHASE_STRIP = NO;
				DEBUG_INFORMATION_FORMAT = "dwarf-with-dsym";
				ENABLE_NS_ASSERTIONS = NO;
				ENABLE_STRICT_OBJC_MSGSEND = YES;
				GCC_C_LANGUAGE_STANDARD = gnu99;
				GCC_NO_COMMON_BLOCKS = YES;
				GCC_WARN_64_TO_32_BIT_CONVERSION = YES;
				GCC_WARN_ABOUT_RETURN_TYPE = YES_ERROR;
				GCC_WARN_UNDECLARED_SELECTOR = YES;
				GCC_WARN_UNINITIALIZED_AUTOS = YES_AGGRESSIVE;
				GCC_WARN_UNUSED_FUNCTION = YES;
				GCC_WARN_UNUSED_VARIABLE = YES;
				IPHONEOS_DEPLOYMENT_TARGET = 10.1;
				MTL_ENABLE_DEBUG_INFO = NO;
				SDKROOT = iphoneos;
				SWIFT_OPTIMIZATION_LEVEL = "-Owholemodule";
				VALIDATE_PRODUCT = YES;
			};
			name = Release;
		};
		448E470C1E8F8E7900384545 /* Debug */ = {
			isa = XCBuildConfiguration;
			buildSettings = {
				ASSETCATALOG_COMPILER_APPICON_NAME = AppIcon;
				DEVELOPMENT_TEAM = 35RJCBGV7U;
				INFOPLIST_FILE = Karma/Info.plist;
				IPHONEOS_DEPLOYMENT_TARGET = 8.0;
				LD_RUNPATH_SEARCH_PATHS = "$(inherited) @executable_path/Frameworks";
				PRODUCT_BUNDLE_IDENTIFIER = com.GreenBruins.Karma;
				PRODUCT_NAME = "$(TARGET_NAME)";
				SWIFT_VERSION = 3.0;
			};
			name = Debug;
		};
		448E470D1E8F8E7900384545 /* Release */ = {
			isa = XCBuildConfiguration;
			buildSettings = {
				ASSETCATALOG_COMPILER_APPICON_NAME = AppIcon;
				DEVELOPMENT_TEAM = 35RJCBGV7U;
				INFOPLIST_FILE = Karma/Info.plist;
				IPHONEOS_DEPLOYMENT_TARGET = 8.0;
				LD_RUNPATH_SEARCH_PATHS = "$(inherited) @executable_path/Frameworks";
				PRODUCT_BUNDLE_IDENTIFIER = com.GreenBruins.Karma;
				PRODUCT_NAME = "$(TARGET_NAME)";
				SWIFT_VERSION = 3.0;
			};
			name = Release;
		};
		448E470F1E8F8E7900384545 /* Debug */ = {
			isa = XCBuildConfiguration;
			buildSettings = {
				ALWAYS_EMBED_SWIFT_STANDARD_LIBRARIES = YES;
				BUNDLE_LOADER = "$(TEST_HOST)";
				DEVELOPMENT_TEAM = 35RJCBGV7U;
				INFOPLIST_FILE = KarmaTests/Info.plist;
				LD_RUNPATH_SEARCH_PATHS = "$(inherited) @executable_path/Frameworks @loader_path/Frameworks";
				PRODUCT_BUNDLE_IDENTIFIER = com.GreenBruins.KarmaTests;
				PRODUCT_NAME = "$(TARGET_NAME)";
				SWIFT_VERSION = 3.0;
				TEST_HOST = "$(BUILT_PRODUCTS_DIR)/Karma.app/Karma";
			};
			name = Debug;
		};
		448E47101E8F8E7900384545 /* Release */ = {
			isa = XCBuildConfiguration;
			buildSettings = {
				ALWAYS_EMBED_SWIFT_STANDARD_LIBRARIES = YES;
				BUNDLE_LOADER = "$(TEST_HOST)";
				DEVELOPMENT_TEAM = 35RJCBGV7U;
				INFOPLIST_FILE = KarmaTests/Info.plist;
				LD_RUNPATH_SEARCH_PATHS = "$(inherited) @executable_path/Frameworks @loader_path/Frameworks";
				PRODUCT_BUNDLE_IDENTIFIER = com.GreenBruins.KarmaTests;
				PRODUCT_NAME = "$(TARGET_NAME)";
				SWIFT_VERSION = 3.0;
				TEST_HOST = "$(BUILT_PRODUCTS_DIR)/Karma.app/Karma";
			};
			name = Release;
		};
		448E47121E8F8E7900384545 /* Debug */ = {
			isa = XCBuildConfiguration;
			buildSettings = {
				ALWAYS_EMBED_SWIFT_STANDARD_LIBRARIES = YES;
				DEVELOPMENT_TEAM = 35RJCBGV7U;
				INFOPLIST_FILE = KarmaUITests/Info.plist;
				LD_RUNPATH_SEARCH_PATHS = "$(inherited) @executable_path/Frameworks @loader_path/Frameworks";
				PRODUCT_BUNDLE_IDENTIFIER = com.GreenBruins.KarmaUITests;
				PRODUCT_NAME = "$(TARGET_NAME)";
				SWIFT_VERSION = 3.0;
				TEST_TARGET_NAME = Karma;
			};
			name = Debug;
		};
		448E47131E8F8E7900384545 /* Release */ = {
			isa = XCBuildConfiguration;
			buildSettings = {
				ALWAYS_EMBED_SWIFT_STANDARD_LIBRARIES = YES;
				DEVELOPMENT_TEAM = 35RJCBGV7U;
				INFOPLIST_FILE = KarmaUITests/Info.plist;
				LD_RUNPATH_SEARCH_PATHS = "$(inherited) @executable_path/Frameworks @loader_path/Frameworks";
				PRODUCT_BUNDLE_IDENTIFIER = com.GreenBruins.KarmaUITests;
				PRODUCT_NAME = "$(TARGET_NAME)";
				SWIFT_VERSION = 3.0;
				TEST_TARGET_NAME = Karma;
			};
			name = Release;
		};
/* End XCBuildConfiguration section */

/* Begin XCConfigurationList section */
		448E46DB1E8F8E7900384545 /* Build configuration list for PBXProject "Karma" */ = {
			isa = XCConfigurationList;
			buildConfigurations = (
				448E47091E8F8E7900384545 /* Debug */,
				448E470A1E8F8E7900384545 /* Release */,
			);
			defaultConfigurationIsVisible = 0;
			defaultConfigurationName = Release;
		};
		448E470B1E8F8E7900384545 /* Build configuration list for PBXNativeTarget "Karma" */ = {
			isa = XCConfigurationList;
			buildConfigurations = (
				448E470C1E8F8E7900384545 /* Debug */,
				448E470D1E8F8E7900384545 /* Release */,
			);
			defaultConfigurationIsVisible = 0;
			defaultConfigurationName = Release;
		};
		448E470E1E8F8E7900384545 /* Build configuration list for PBXNativeTarget "KarmaTests" */ = {
			isa = XCConfigurationList;
			buildConfigurations = (
				448E470F1E8F8E7900384545 /* Debug */,
				448E47101E8F8E7900384545 /* Release */,
			);
			defaultConfigurationIsVisible = 0;
			defaultConfigurationName = Release;
		};
		448E47111E8F8E7900384545 /* Build configuration list for PBXNativeTarget "KarmaUITests" */ = {
			isa = XCConfigurationList;
			buildConfigurations = (
				448E47121E8F8E7900384545 /* Debug */,
				448E47131E8F8E7900384545 /* Release */,
			);
			defaultConfigurationIsVisible = 0;
			defaultConfigurationName = Release;
		};
/* End XCConfigurationList section */

/* Begin XCVersionGroup section */
		44849B931E8FC1BB00D94925 /* Database.xcdatamodeld */ = {
			isa = XCVersionGroup;
			children = (
				44849B941E8FC1BB00D94925 /* Database.xcdatamodel */,
			);
			currentVersion = 44849B941E8FC1BB00D94925 /* Database.xcdatamodel */;
			path = Database.xcdatamodeld;
			sourceTree = "<group>";
			versionGroupType = wrapper.xcdatamodel;
		};
/* End XCVersionGroup section */
	};
	rootObject = 448E46D81E8F8E7900384545 /* Project object */;
}
